{
  "version": "2",
  "remote": {
    "https://deno.land/std@0.100.0/fmt/colors.ts": "db22b314a2ae9430ae7460ce005e0a7130e23ae1c999157e3bb77cf55800f7e4",
    "https://deno.land/std@0.119.0/fmt/colors.ts": "8368ddf2d48dfe413ffd04cdbb7ae6a1009cf0dccc9c7ff1d76259d9c61a0621",
    "https://deno.land/std@0.128.0/fmt/colors.ts": "4575bb20edc666d3ae75fa9fac75f20e4cd423b280008094b05e423cc85047bb",
    "https://deno.land/std@0.141.0/fmt/colors.ts": "30455035d6d728394781c10755351742dd731e3db6771b1843f9b9e490104d37",
    "https://deno.land/std@0.141.0/testing/_diff.ts": "029a00560b0d534bc0046f1bce4bd36b3b41ada3f2a3178c85686eb2ff5f1413",
    "https://deno.land/std@0.141.0/testing/_format.ts": "0d8dc79eab15b67cdc532826213bbe05bccfd276ca473a50a3fc7bbfb7260642",
    "https://deno.land/std@0.141.0/testing/asserts.ts": "0346e6c8bc695d16ff6f975d0bc5f7e7d6dffd4e642d467539a443bcbb9dc4fa",
    "https://deno.land/x/dmm@v2.1.0/deps.ts": "edabf085e70feeff7ab4f77240a0538750ba96b574698ead2cead0ef6ace90cf",
    "https://deno.land/x/dmm@v2.1.0/mod.ts": "5261b76d6cda46095d812fea64fc511487d5d3ac704ea1f35c8b54ed5b7361f2",
    "https://deno.land/x/dmm@v2.1.0/src/commands/update.ts": "5dedff96c99ca750fcd0781de0d70cc3b2cfa6023e6b9535460c7b734b91e3f7",
    "https://deno.land/x/dmm@v2.1.0/src/commands/version.ts": "67134ef7946b20a09682b819bdb8d4ac1ccc0c41688fd61dfcf695db41e22894",
    "https://deno.land/x/dmm@v2.1.0/src/interfaces/module.ts": "f29091a9a4ac44a1df9312356d24afd542ff7ba696c48cdaff129ad70ec697d6",
    "https://deno.land/x/dmm@v2.1.0/src/services/deno_service.ts": "94ffe909e029c0c4d8d6eb3dc7bf5c741f405ae32027b0d30c3e5679843e1211",
    "https://deno.land/x/dmm@v2.1.0/src/services/github_service.ts": "7f1e323f9eb51c577f7f0cc6730e74f4972c29ac4f878ed6aa814892049249cd",
    "https://deno.land/x/dmm@v2.1.0/src/services/module_service.ts": "0d07d588f19cf942fa7a5babe72dd42bbf6c600f33b5665fd4fbe8ceb494141d",
    "https://deno.land/x/dmm@v2.1.0/src/services/nest_service.ts": "f63283bb16a41a63a02de4ff96825af5f68f8150be440a07ea015098678445ea",
    "https://deno.land/x/dmm@v2.1.0/src/services/unpkg_service.ts": "90ea1f7bc77120b9fbfff1dc7cfaa033bb9dc3205afae9ca1353e92972c39e1d",
    "https://deno.land/x/line@v1.0.1/deps.ts": "fbc785b0a4ae203ac791b97243b161e973ea9ae82a7fc6503c4513f557fb462a",
    "https://deno.land/x/line@v1.0.1/mod.ts": "24128b8aca3a39f1b9486a81344b47b025b9e44acebe79877b43bb318ff0f7bf",
    "https://deno.land/x/line@v1.0.1/src/arg_parser.ts": "66e469e7daebd43b8ce7d987f840cce4bb673eacfcf1e8e8413f978158decc1b",
    "https://deno.land/x/line@v1.0.1/src/cli.ts": "c26a139f3456be40320dcb1249562078e1704f0aea971ec8a2b48e005d21213e",
    "https://deno.land/x/line@v1.0.1/src/command.ts": "0ad97c6f4a2f72d8b8838d91fe3cbf44da2de234da930ec578fffaac33211b16",
    "https://deno.land/x/line@v1.0.1/src/interfaces.ts": "201f954737ceaf4776d79cdc9a41bc10d22f5f415928a341a039e1c9e5354696",
    "https://deno.land/x/line@v1.0.1/src/main_command.ts": "1113502b15d7ce4e102987f1e442adc3e96f8c894993d1e28c3206beda74f29e",
    "https://deno.land/x/line@v1.0.1/src/subcommand.ts": "295937b65eedc4f3c69dc998772fff8e323faf9640a70bfc7151f11551c224aa",
    "https://deno.land/x/line@v1.0.1/src/types.ts": "79402f84ac488c654ee318fcaeec5c5c5a72b5a39ec8fc28acb266477a12a32a",
    "https://deno.land/x/unilogger@v1.0.1/deps.ts": "3fd8104e6af80a3611f75a2fa18e285bcd3561240eaf8db95b4084185684bf8b",
    "https://deno.land/x/unilogger@v1.0.1/mod.ts": "7f48997932cc7def24be8f291a6158b0d290323f870afee794e8767dfc341a5d",
    "https://deno.land/x/unilogger@v1.0.1/src/console_logger.ts": "9c9994a411cb83f6a63e84a5fe5a9f57a9bb6ba4d2077d5ff239e4ad3b97f1b8",
    "https://deno.land/x/unilogger@v1.0.1/src/file_logger.ts": "608830c89b73a1754aa788737129b35c839764a198ed854db06bf068a04c4316",
    "https://deno.land/x/unilogger@v1.0.1/src/logger.ts": "bf155470d9d29780e4fc000b2fce7902d1dd8dde81451d07357289389d5c9343",
    "https://deno.land/x/unilogger@v1.0.4/deps.ts": "13d75480e523b5fe4b7cc22a5ebb20e2221fb49f2ff4e4addb1c369fcabd0a6c",
    "https://deno.land/x/unilogger@v1.0.4/mod.ts": "7f48997932cc7def24be8f291a6158b0d290323f870afee794e8767dfc341a5d",
    "https://deno.land/x/unilogger@v1.0.4/src/console_logger.ts": "0c38e2eb75246c8c603fd90e06fa0362afc2c00d84d0165731742b1e89737c1c",
    "https://deno.land/x/unilogger@v1.0.4/src/file_logger.ts": "8ba219f0c0fbeb1abf34ba31245c1b7b007aa004f0f3a990ef99f17490b1667f",
    "https://deno.land/x/unilogger@v1.0.4/src/logger.ts": "c2544aa75b8aa58171d34b9fc8af385e71b9b2331331649ea9d915dbbd355929",
    "https://raw.githubusercontent.com/drashland/services/v0.2.5/ci/bumper_service.ts": "c00231af6405ee570b63637e52aba9dda2ba34778295e224ed5d848c8daef428",
    "https://raw.githubusercontent.com/drashland/services/v0.2.5/ci/deps.ts": "e31c150ab261ee8ec65630667d09457bad33d5f46c7570761154b9ab4169caad"
  }
}
