{
  "version": "2",
  "remote": {
    "https://deno.land/std@0.100.0/fmt/colors.ts": "db22b314a2ae9430ae7460ce005e0a7130e23ae1c999157e3bb77cf55800f7e4",
    "https://deno.land/std@0.119.0/fmt/colors.ts": "8368ddf2d48dfe413ffd04cdbb7ae6a1009cf0dccc9c7ff1d76259d9c61a0621",
    "https://deno.land/std@0.128.0/fmt/colors.ts": "4575bb20edc666d3ae75fa9fac75f20e4cd423b280008094b05e423cc85047bb",
    "https://deno.land/std@0.141.0/fmt/colors.ts": "30455035d6d728394781c10755351742dd731e3db6771b1843f9b9e490104d37",
    "https://deno.land/std@0.141.0/testing/_diff.ts": "029a00560b0d534bc0046f1bce4bd36b3b41ada3f2a3178c85686eb2ff5f1413",
    "https://deno.land/std@0.141.0/testing/_format.ts": "0d8dc79eab15b67cdc532826213bbe05bccfd276ca473a50a3fc7bbfb7260642",
    "https://deno.land/std@0.141.0/testing/asserts.ts": "0346e6c8bc695d16ff6f975d0bc5f7e7d6dffd4e642d467539a443bcbb9dc4fa",
    "https://deno.land/std@0.154.0/_util/assert.ts": "e94f2eb37cebd7f199952e242c77654e43333c1ac4c5c700e929ea3aa5489f74",
    "https://deno.land/std@0.154.0/_wasm_crypto/lib/deno_std_wasm_crypto.generated.mjs": "dfcd6777d05345362c70f9f2c49abba3ed3f925fccfcf725abe2d16d51819433",
    "https://deno.land/std@0.154.0/_wasm_crypto/mod.ts": "6c60d332716147ded0eece0861780678d51b560f533b27db2e15c64a4ef83665",
    "https://deno.land/std@0.154.0/async/deferred.ts": "c01de44b9192359cebd3fe93273fcebf9e95110bf3360023917da9a2d1489fae",
    "https://deno.land/std@0.154.0/bytes/bytes_list.ts": "aba5e2369e77d426b10af1de0dcc4531acecec27f9b9056f4f7bfbf8ac147ab4",
    "https://deno.land/std@0.154.0/bytes/equals.ts": "3c3558c3ae85526f84510aa2b48ab2ad7bdd899e2e0f5b7a8ffc85acb3a6043a",
    "https://deno.land/std@0.154.0/bytes/mod.ts": "763f97d33051cc3f28af1a688dfe2830841192a9fea0cbaa55f927b49d49d0bf",
    "https://deno.land/std@0.154.0/crypto/_fnv/fnv32.ts": "aa9bddead8c6345087d3abd4ef35fb9655622afc333fc41fff382b36e64280b5",
    "https://deno.land/std@0.154.0/crypto/_fnv/fnv64.ts": "625d7e7505b6cb2e9801b5fd6ed0a89256bac12b2bbb3e4664b85a88b0ec5bef",
    "https://deno.land/std@0.154.0/crypto/_fnv/index.ts": "a8f6a361b4c6d54e5e89c16098f99b6962a1dd6ad1307dbc97fa1ecac5d7060a",
    "https://deno.land/std@0.154.0/crypto/_fnv/util.ts": "4848313bed7f00f55be3cb080aa0583fc007812ba965b03e4009665bde614ce3",
    "https://deno.land/std@0.154.0/crypto/keystack.ts": "e481eed28007395e554a435e880fee83a5c73b9259ed8a135a75e4b1e4f381f7",
    "https://deno.land/std@0.154.0/crypto/mod.ts": "0ef11f063cd0f9759485a3c9051e15125e1bde3b47c23b47e79b6e13cfcf9481",
    "https://deno.land/std@0.154.0/crypto/timing_safe_equal.ts": "82a29b737bc8932d75d7a20c404136089d5d23629e94ba14efa98a8cc066c73e",
    "https://deno.land/std@0.154.0/encoding/base64.ts": "c57868ca7fa2fbe919f57f88a623ad34e3d970d675bdc1ff3a9d02bba7409db2",
    "https://deno.land/std@0.154.0/encoding/base64url.ts": "a5f82a9fa703bd85a5eb8e7c1296bc6529e601ebd9642cc2b5eaa6b38fa9e05a",
    "https://deno.land/std@0.154.0/encoding/hex.ts": "4cc5324417cbb4ac9b828453d35aed45b9cc29506fad658f1f138d981ae33795",
    "https://deno.land/std@0.154.0/fmt/colors.ts": "ff7dc9c9f33a72bd48bc24b21bbc1b4545d8494a431f17894dbc5fe92a938fc4",
    "https://deno.land/std@0.154.0/io/buffer.ts": "fae02290f52301c4e0188670e730cd902f9307fb732d79c4aa14ebdc82497289",
    "https://deno.land/std@0.154.0/io/files.ts": "d199ef64e918a256320ba8d8d44ae91de87c9077df8f8d6cca013f1b9fbbe285",
    "https://deno.land/std@0.154.0/io/mod.ts": "33507cf2460ab67d0d90fb5749fa6fecb33897642b49d54a6bb1ac81e4768f69",
    "https://deno.land/std@0.154.0/io/readers.ts": "45847ad404afd2f605eae1cff193f223462bc55eeb9ae313c2f3db28aada0fd6",
    "https://deno.land/std@0.154.0/io/streams.ts": "988a19155b52161f0035ce539e2f1d12edbc4c389fa7633da832a64e6edbe1a0",
    "https://deno.land/std@0.154.0/io/types.d.ts": "0cae3a62da7a37043661746c65c021058bae020b54e50c0e774916e5d4baee43",
    "https://deno.land/std@0.154.0/io/util.ts": "078da53bba767bec0d45f7da44411f6dbf269e51ef7fcfea5e3714e04681c674",
    "https://deno.land/std@0.154.0/io/writers.ts": "2e1c63ffd0cfba411b1fd8374609abff9ea86187c9d4d885d42e6fc20325ef0e",
    "https://deno.land/std@0.154.0/streams/conversion.ts": "fc4eb76a14148c43f0b85e903a5a1526391aa40ed9434dc21e34f88304eb823e",
    "https://deno.land/std@0.154.0/testing/_diff.ts": "141f978a283defc367eeee3ff7b58aa8763cf7c8e0c585132eae614468e9d7b8",
    "https://deno.land/std@0.154.0/testing/_format.ts": "cd11136e1797791045e639e9f0f4640d5b4166148796cad37e6ef75f7d7f3832",
    "https://deno.land/std@0.154.0/testing/asserts.ts": "ac295f7fd22a7af107580e2475402a8c386cb1bf18bf837ae266ac0665786026",
    "https://deno.land/std@0.164.0/_util/asserts.ts": "d0844e9b62510f89ce1f9878b046f6a57bf88f208a10304aab50efcb48365272",
    "https://deno.land/std@0.164.0/async/abortable.ts": "87aa7230be8360c24ad437212311c9e8d4328854baec27b4c7abb26e85515c06",
    "https://deno.land/std@0.164.0/async/deadline.ts": "48ac998d7564969f3e6ec6b6f9bf0217ebd00239b1b2292feba61272d5dd58d0",
    "https://deno.land/std@0.164.0/async/debounce.ts": "dc8b92d4a4fe7eac32c924f2b8d3e62112530db70cadce27042689d82970b350",
    "https://deno.land/std@0.164.0/async/deferred.ts": "d8fb253ffde2a056e4889ef7e90f3928f28be9f9294b6505773d33f136aab4e6",
    "https://deno.land/std@0.164.0/async/delay.ts": "0419dfc993752849692d1f9647edf13407c7facc3509b099381be99ffbc9d699",
    "https://deno.land/std@0.164.0/async/mod.ts": "dd0a8ed4f3984ffabe2fcca7c9f466b7932d57b1864ffee148a5d5388316db6b",
    "https://deno.land/std@0.164.0/async/mux_async_iterator.ts": "3447b28a2a582224a3d4d3596bccbba6e85040da3b97ed64012f7decce98d093",
    "https://deno.land/std@0.164.0/async/pool.ts": "ef9eb97b388543acbf0ac32647121e4dbe629236899586c4d4311a8770fbb239",
    "https://deno.land/std@0.164.0/async/tee.ts": "9af3a3e7612af75861308b52249e167f5ebc3dcfc8a1a4d45462d96606ee2b70",
    "https://deno.land/std@0.164.0/datetime/formatter.ts": "7c8e6d16a0950f400aef41b9f1eb9168249869776ec520265dfda785d746589e",
    "https://deno.land/std@0.164.0/datetime/mod.ts": "ea927ca96dfb28c7b9a5eed5bdc7ac46bb9db38038c4922631895cea342fea87",
    "https://deno.land/std@0.164.0/datetime/tokenizer.ts": "7381e28f6ab51cb504c7e132be31773d73ef2f3e1e50a812736962b9df1e8c47",
    "https://deno.land/std@0.164.0/http/_negotiation/common.ts": "410e902f01cdd324e4746e8017595be4fc357d6fc4cd6044f2f808a943d7eaf7",
    "https://deno.land/std@0.164.0/http/_negotiation/encoding.ts": "f749c1d539d139af783e8a7741de5a47a98a5e3c9af82b8af512567ccf5fe632",
    "https://deno.land/std@0.164.0/http/_negotiation/language.ts": "53c306186904d2dace4c624a8822542866ad332a7f40ac90e0af1504f95c63d0",
    "https://deno.land/std@0.164.0/http/_negotiation/media_type.ts": "ecdda87286495f7ff25116858f5088856953e2f1585e593d314e0c71b826a137",
    "https://deno.land/std@0.164.0/http/cookie.ts": "bd3de15cc855abd3a7a2665f86c19a3c3fd6d977e19a0a9789df4d8ad69bd392",
    "https://deno.land/std@0.164.0/http/cookie_map.ts": "6b623a8476340685a9aa11a2944c79d225d0380cd1bb9b94a2a07f90d47f3068",
    "https://deno.land/std@0.164.0/http/http_errors.ts": "fe9b7f95f7ee0592c3306f8c7aed03ba53d55d1ef81e00041c1171b9588f46d9",
    "https://deno.land/std@0.164.0/http/http_status.ts": "897575a7d6bc2b9123f6a38ecbc0f03d95a532c5d92029315dc9f508e12526b8",
    "https://deno.land/std@0.164.0/http/mod.ts": "329d40fe0113f24d878749d1b8e0afe037179906230dfb86247e7d140877d262",
    "https://deno.land/std@0.164.0/http/negotiation.ts": "f35b1ff2ad4ff9feaa00ac234960b398172768205c8eceaef7f2eafe34716ba2",
    "https://deno.land/std@0.164.0/http/server.ts": "e99c1bee8a3f6571ee4cdeb2966efad465b8f6fe62bec1bdb59c1f007cc4d155",
    "https://deno.land/x/dmm@v2.1.0/deps.ts": "edabf085e70feeff7ab4f77240a0538750ba96b574698ead2cead0ef6ace90cf",
    "https://deno.land/x/dmm@v2.1.0/mod.ts": "5261b76d6cda46095d812fea64fc511487d5d3ac704ea1f35c8b54ed5b7361f2",
    "https://deno.land/x/dmm@v2.1.0/src/commands/update.ts": "5dedff96c99ca750fcd0781de0d70cc3b2cfa6023e6b9535460c7b734b91e3f7",
    "https://deno.land/x/dmm@v2.1.0/src/commands/version.ts": "67134ef7946b20a09682b819bdb8d4ac1ccc0c41688fd61dfcf695db41e22894",
    "https://deno.land/x/dmm@v2.1.0/src/interfaces/module.ts": "f29091a9a4ac44a1df9312356d24afd542ff7ba696c48cdaff129ad70ec697d6",
    "https://deno.land/x/dmm@v2.1.0/src/services/deno_service.ts": "94ffe909e029c0c4d8d6eb3dc7bf5c741f405ae32027b0d30c3e5679843e1211",
    "https://deno.land/x/dmm@v2.1.0/src/services/github_service.ts": "7f1e323f9eb51c577f7f0cc6730e74f4972c29ac4f878ed6aa814892049249cd",
    "https://deno.land/x/dmm@v2.1.0/src/services/module_service.ts": "0d07d588f19cf942fa7a5babe72dd42bbf6c600f33b5665fd4fbe8ceb494141d",
    "https://deno.land/x/dmm@v2.1.0/src/services/nest_service.ts": "f63283bb16a41a63a02de4ff96825af5f68f8150be440a07ea015098678445ea",
    "https://deno.land/x/dmm@v2.1.0/src/services/unpkg_service.ts": "90ea1f7bc77120b9fbfff1dc7cfaa033bb9dc3205afae9ca1353e92972c39e1d",
    "https://deno.land/x/dotenv@v3.2.0/load.ts": "cbd76a0aee01aad8d09222afaa1dd04b84d9d3e44637503b01bf77a91df9e041",
    "https://deno.land/x/dotenv@v3.2.0/mod.ts": "077b48773de9205266a0b44c3c3a3c3083449ed64bb0b6cc461b95720678d38e",
    "https://deno.land/x/dotenv@v3.2.0/util.ts": "693730877b13f8ead2b79b2aa31e2a0652862f7dc0c5f6d2f313f4d39c7b7670",
    "https://deno.land/x/hono@v2.5.1/compose.ts": "6cf42a9779df9bb53294f796f07796961e2d70ed348cf0dd334669ac2de2fd95",
    "https://deno.land/x/hono@v2.5.1/context.ts": "b6167d7d0f4d46a5c04e47410c913a35d376b43d9b96b508b39691caee3b2c99",
    "https://deno.land/x/hono@v2.5.1/hono.ts": "850819e7485a6ba98615fdbe9b55ffbd4e590f5666ff19cd0c99665fc9f0c2c1",
    "https://deno.land/x/hono@v2.5.1/mod.ts": "4def73aa535cc0a4d9caea71d9cc6041e51aa82120644adf6c3377b85b09693d",
    "https://deno.land/x/hono@v2.5.1/request.ts": "47f1030c9ca1c0cd4ee569fd406677f2a6a8b9ae920cef63bdfeb06bd42e6cdf",
    "https://deno.land/x/hono@v2.5.1/router.ts": "21448bc2e6019574c10fae11237da4367037fa107e68bf3d049cd2fd0efd2adb",
    "https://deno.land/x/hono@v2.5.1/router/reg-exp-router/index.ts": "52755829213941756159b7a963097bafde5cc4fc22b13b1c7c9184dc0512d1db",
    "https://deno.land/x/hono@v2.5.1/router/reg-exp-router/node.ts": "08bb532ffe43e6e11510f9f66122baef43288f05f592b17987fc3a2dc195251a",
    "https://deno.land/x/hono@v2.5.1/router/reg-exp-router/router.ts": "abdbdd8c28f5cc4523a066bb4ccdac380a4026b5dfa1179f5564788b7d1c0310",
    "https://deno.land/x/hono@v2.5.1/router/reg-exp-router/trie.ts": "ab8a4ec6c3cdfdbcd1f53130db28b6174318bdfa815d57c792154203e71bc3d2",
    "https://deno.land/x/hono@v2.5.1/router/smart-router/index.ts": "74f9b4fe15ea535900f2b9b048581915f12fe94e531dd2b0032f5610e61c3bef",
    "https://deno.land/x/hono@v2.5.1/router/smart-router/router.ts": "1d54f5c87875d856ed5fc2d22a100e1ff31debe3e9d8e9b1cc18d8e5706239f2",
    "https://deno.land/x/hono@v2.5.1/router/static-router/index.ts": "f31aaebff3b2b05f00946d3a8b688289a43b5c2bfb124e54ffadeee6a24a1b52",
    "https://deno.land/x/hono@v2.5.1/router/static-router/router.ts": "75a15b2964dc90a46aed7b313f8760b60af5d5e8a819c3a948b4ad8d3fdb7662",
    "https://deno.land/x/hono@v2.5.1/router/trie-router/index.ts": "3eb75e7f71ba81801631b30de6b1f5cefb2c7239c03797e2b2cbab5085911b41",
    "https://deno.land/x/hono@v2.5.1/router/trie-router/node.ts": "c96b96b57c8bf15093752939becdf99e3ee5d7cdb4304e5e44fa9ab090462ab0",
    "https://deno.land/x/hono@v2.5.1/router/trie-router/router.ts": "0a969528a0c1680b552b20f0ca90e484e968ac279be9d5fd952b61a804d680e7",
    "https://deno.land/x/hono@v2.5.1/types.ts": "8338ec48bab08b9eb94cee47c092589049ff12103815bfdd128fcd7e54af2d12",
    "https://deno.land/x/hono@v2.5.1/utils/body.ts": "96967d8678ae0851d80bafe2025bbe06002a385fa9d3dbcbdb416fb14eab5cf4",
    "https://deno.land/x/hono@v2.5.1/utils/cookie.ts": "545872bd7af3b455c24fd386ecbccfd161e7d4a0038d6b09b1bb22723602f90a",
    "https://deno.land/x/hono@v2.5.1/utils/http-status.ts": "2d6003e352c1fe918db663fa4bd2b20bf0b9d4e1699ba5e163f317f00b29d938",
    "https://deno.land/x/hono@v2.5.1/utils/json.ts": "ae34c6191e7a844f04a95efaffb177b6a15a3bc5b17321c5679081940df6ab1d",
    "https://deno.land/x/hono@v2.5.1/utils/url.ts": "120cfd1297f91dc269454ad4bc3fabb54593cd9994ec2e6c4f56b6d9018419a0",
    "https://deno.land/x/hono@v2.5.1/validator/rule.ts": "34247d9977e1cd7bfa376e6e25a48639686b899301d6f773d6913faa991413e1",
    "https://deno.land/x/hono@v2.5.1/validator/sanitizer.ts": "da03fdd70baa6d2f178d616a9f35cea1028a15d1429339ee3c3f9eff9aded38f",
    "https://deno.land/x/hono@v2.5.1/validator/schema.ts": "d271be232a223b66bdb946995891a4ab22d8d9067ab2573a181133bedfb8f209",
    "https://deno.land/x/hono@v2.5.1/validator/validator.ts": "66162646d499e91536fadecf064f5f08ee6542d7027da4d58e6153bd4c6c89da",
    "https://deno.land/x/line@v1.0.1/deps.ts": "fbc785b0a4ae203ac791b97243b161e973ea9ae82a7fc6503c4513f557fb462a",
    "https://deno.land/x/line@v1.0.1/mod.ts": "24128b8aca3a39f1b9486a81344b47b025b9e44acebe79877b43bb318ff0f7bf",
    "https://deno.land/x/line@v1.0.1/src/arg_parser.ts": "66e469e7daebd43b8ce7d987f840cce4bb673eacfcf1e8e8413f978158decc1b",
    "https://deno.land/x/line@v1.0.1/src/cli.ts": "c26a139f3456be40320dcb1249562078e1704f0aea971ec8a2b48e005d21213e",
    "https://deno.land/x/line@v1.0.1/src/command.ts": "0ad97c6f4a2f72d8b8838d91fe3cbf44da2de234da930ec578fffaac33211b16",
    "https://deno.land/x/line@v1.0.1/src/interfaces.ts": "201f954737ceaf4776d79cdc9a41bc10d22f5f415928a341a039e1c9e5354696",
    "https://deno.land/x/line@v1.0.1/src/main_command.ts": "1113502b15d7ce4e102987f1e442adc3e96f8c894993d1e28c3206beda74f29e",
    "https://deno.land/x/line@v1.0.1/src/subcommand.ts": "295937b65eedc4f3c69dc998772fff8e323faf9640a70bfc7151f11551c224aa",
    "https://deno.land/x/line@v1.0.1/src/types.ts": "79402f84ac488c654ee318fcaeec5c5c5a72b5a39ec8fc28acb266477a12a32a",
    "https://deno.land/x/mongo@v0.31.1/deps.ts": "ba57aa94021d88959c6aac77edbbe85226e4a6836230dcdd891da63afcbf88c1",
    "https://deno.land/x/mongo@v0.31.1/mod.ts": "0989f34d08c40440b8786140abdaf863e964e23df5d1a80e661d3d4170d9d21e",
    "https://deno.land/x/mongo@v0.31.1/src/auth/base.ts": "7fe14cf0a63d6bbc4ba69a000a04b3b184d26842504d94652a6af2d0c9494944",
    "https://deno.land/x/mongo@v0.31.1/src/auth/mod.ts": "b161611bd5be9e9d1b4497227c8ea93ad4daadcd98038c9e5a707bc5da7a25ca",
    "https://deno.land/x/mongo@v0.31.1/src/auth/pbkdf2.ts": "1f1db192fd37869d118ab34780b64567ebcf0ad83a03ef28b3d740cae9adb47a",
    "https://deno.land/x/mongo@v0.31.1/src/auth/scram.ts": "187db02e94e7e5423ec902e87d6839028770dca57830dca7f154dcd22a959c0f",
    "https://deno.land/x/mongo@v0.31.1/src/auth/x509.ts": "a75b27c549707dd441434ae400a3e6a24da7fe7d4e0e80c9bb79dfc6426b651e",
    "https://deno.land/x/mongo@v0.31.1/src/client.ts": "368cac10b3df3bfbc2dfba468d1bbd1332c359a643e0bb81a13d7220a58b43ff",
    "https://deno.land/x/mongo@v0.31.1/src/cluster.ts": "cff69bf284a5c7fcaff231494f1ab56ca652e725e58622723e402fbb61448d0e",
    "https://deno.land/x/mongo@v0.31.1/src/collection/collection.ts": "b8227c276633d2e6425736d5f5c5d5411deed3bc7bf2fccf36e39d609d5b1cb5",
    "https://deno.land/x/mongo@v0.31.1/src/collection/commands/aggregate.ts": "440906a670adb46edb36fd95573ffa83f192775108b621520be992165910e895",
    "https://deno.land/x/mongo@v0.31.1/src/collection/commands/find.ts": "5c3b750d8c82ce08d865a381bc71f600406cbc4912c4aa689238755579fb71f8",
    "https://deno.land/x/mongo@v0.31.1/src/collection/commands/list_indexes.ts": "d32a5120305d0547497026b4f5ab2ecc2f40ff7f44c405b99c2a0287765333f5",
    "https://deno.land/x/mongo@v0.31.1/src/collection/commands/update.ts": "cf352108a5dd34f0928c2196a432383d366b8ed292676c71358b9ecf1289418d",
    "https://deno.land/x/mongo@v0.31.1/src/collection/mod.ts": "bd791a0b9b46be4365f88c54893584eadec2f8cd799db9eb05e0b5b4c8d72b8e",
    "https://deno.land/x/mongo@v0.31.1/src/database.ts": "6effe102726693d2ed6817973facfbc82ae2b1ac68efddbf54493df7e29e105c",
    "https://deno.land/x/mongo@v0.31.1/src/error.ts": "8180a822b0831a94a6a28815865b5b40e3996220684bea60fcb81b272ddd06eb",
    "https://deno.land/x/mongo@v0.31.1/src/gridfs/bucket.ts": "a4452d63f6928f57486a214a499b54b80b98cc0d13e3d85a6841b34d5ff12a61",
    "https://deno.land/x/mongo@v0.31.1/src/gridfs/indexes.ts": "c9747d8272c65399a6364e08071bd1b5ac9c10816329aa670d7b6b9e895ffb5a",
    "https://deno.land/x/mongo@v0.31.1/src/gridfs/upload.ts": "6a54a21b00c6f22ad0da6ceef7a2932dc600560f594c2551abd8e4a64976abae",
    "https://deno.land/x/mongo@v0.31.1/src/protocol/cursor.ts": "c370a28856fa236129cc2d7abf7ebc4ac6cdd60acb93e0e7371433f7332394cb",
    "https://deno.land/x/mongo@v0.31.1/src/protocol/handshake.ts": "3c3ba547d5322751b9756ce9a4750f3cf18febee0a64edca5b007634bd80e0fe",
    "https://deno.land/x/mongo@v0.31.1/src/protocol/header.ts": "0f28db842f886e57b7013606c1391affab2e2960a1a4568d2502e7b788117716",
    "https://deno.land/x/mongo@v0.31.1/src/protocol/message.ts": "b1121b98420c9a44783619c7a0b2f7bb2cb305dfc64adc3e6a9b7781f4d35a3a",
    "https://deno.land/x/mongo@v0.31.1/src/protocol/mod.ts": "4e24d563049c0a236234598ca786ca13778dc17fdb80ac543ac6c75d0c5094d7",
    "https://deno.land/x/mongo@v0.31.1/src/protocol/protocol.ts": "92568dd86e6ef3f54054113d9f5620f158fc1dfee2a7c9d13623975835d5996a",
    "https://deno.land/x/mongo@v0.31.1/src/types.ts": "aae7d0053341d26a802de9ac26a5209a67f53052bc2c13fae018396867590d4c",
    "https://deno.land/x/mongo@v0.31.1/src/types/geojson.ts": "14690e2fa1591939253ddc9de181b0664051e9462db131b72be5fb9d064dff44",
    "https://deno.land/x/mongo@v0.31.1/src/types/geospatial.ts": "c73ee13536365fa5d868b65ab47b3488a5f223a67e1e059761886f750db70ef9",
    "https://deno.land/x/mongo@v0.31.1/src/types/gridfs.ts": "e1fd12c3ca58d437267e7a8557d745d23b9d8916d1da34c1847e5e373728dfa0",
    "https://deno.land/x/mongo@v0.31.1/src/types/read_write_concern.ts": "d00f35eb85520e776741888685d08d479766a19e9a0a970b53f4594c9db00496",
    "https://deno.land/x/mongo@v0.31.1/src/utils/ns.ts": "fb0c57b8dc4d31f8993112d267dec3c163d3e8862198d1cd03b2b51bcc3caad9",
    "https://deno.land/x/mongo@v0.31.1/src/utils/saslprep/deps.ts": "95ceb81b353110526dacf2a98854bc79d6e17d7f173af8806e91c05555d7b8c7",
    "https://deno.land/x/mongo@v0.31.1/src/utils/saslprep/load_code_points.ts": "f6a4ef2eb2345eac40ffbf1a30661cca803f399865f2a0fadafb71f57d4c97bf",
    "https://deno.land/x/mongo@v0.31.1/src/utils/saslprep/memory_pager.ts": "f55a79a13ec569c21630c3915a9af0c6fc0aa2b899121fa2a85a813c6dd4afba",
    "https://deno.land/x/mongo@v0.31.1/src/utils/saslprep/mod.ts": "0a8a39a0784d065a79c54ce63d7d7b103d0b94addc5b7bcf985517ba2442c8a1",
    "https://deno.land/x/mongo@v0.31.1/src/utils/saslprep/sparse_bitfield.ts": "07d6fe2ecd4ba5f711c44c1ae409bb9c1fe3a3cfc09e27434d231d4aae46dd2d",
    "https://deno.land/x/mongo@v0.31.1/src/utils/srv.ts": "ed5f78ffe6480faac68291a87e51e3674eff5f28aec937ee97248e99e1317b16",
    "https://deno.land/x/mongo@v0.31.1/src/utils/uri.ts": "dcfab8e1dcfcc875c75ada1d9f366664480c03b65594990d6342ed88925452e5",
    "https://deno.land/x/unilogger@v1.0.1/deps.ts": "3fd8104e6af80a3611f75a2fa18e285bcd3561240eaf8db95b4084185684bf8b",
    "https://deno.land/x/unilogger@v1.0.1/mod.ts": "7f48997932cc7def24be8f291a6158b0d290323f870afee794e8767dfc341a5d",
    "https://deno.land/x/unilogger@v1.0.1/src/console_logger.ts": "9c9994a411cb83f6a63e84a5fe5a9f57a9bb6ba4d2077d5ff239e4ad3b97f1b8",
    "https://deno.land/x/unilogger@v1.0.1/src/file_logger.ts": "608830c89b73a1754aa788737129b35c839764a198ed854db06bf068a04c4316",
    "https://deno.land/x/unilogger@v1.0.1/src/logger.ts": "bf155470d9d29780e4fc000b2fce7902d1dd8dde81451d07357289389d5c9343",
    "https://deno.land/x/unilogger@v1.0.4/deps.ts": "13d75480e523b5fe4b7cc22a5ebb20e2221fb49f2ff4e4addb1c369fcabd0a6c",
    "https://deno.land/x/unilogger@v1.0.4/mod.ts": "7f48997932cc7def24be8f291a6158b0d290323f870afee794e8767dfc341a5d",
    "https://deno.land/x/unilogger@v1.0.4/src/console_logger.ts": "0c38e2eb75246c8c603fd90e06fa0362afc2c00d84d0165731742b1e89737c1c",
    "https://deno.land/x/unilogger@v1.0.4/src/file_logger.ts": "8ba219f0c0fbeb1abf34ba31245c1b7b007aa004f0f3a990ef99f17490b1667f",
    "https://deno.land/x/unilogger@v1.0.4/src/logger.ts": "c2544aa75b8aa58171d34b9fc8af385e71b9b2331331649ea9d915dbbd355929",
    "https://deno.land/x/web_bson@v0.2.5/deps.ts": "b113dd66321c328ae90b7cf8f0f6b37ea472f6f5a5a0553f0c7dfd89538d2748",
    "https://deno.land/x/web_bson@v0.2.5/mod.ts": "a2b58ed2e1748e6faa56fbe6caf0e1937f4e77de15376cad920aea655b17bcf3",
    "https://deno.land/x/web_bson@v0.2.5/src/binary.ts": "2bd89fca666d06b12e4da7ae2aae2b87e495666e002011ceef4fd3e228ea3018",
    "https://deno.land/x/web_bson@v0.2.5/src/bson.ts": "608b1b8e1b9a2abcb2d3b601b63e2731608a2ee0941e801a08c1328a37ff0751",
    "https://deno.land/x/web_bson@v0.2.5/src/code.ts": "ad713ab49d2c9028fa798630ccdf345a9a2fbaa468c9bd0c3df3f411c3679bd1",
    "https://deno.land/x/web_bson@v0.2.5/src/constants.ts": "906fb45165e2df04332ffeb6a407b39d257b76ad64667ecfe4848bfc64934a5e",
    "https://deno.land/x/web_bson@v0.2.5/src/db_ref.ts": "2b29a4b74fde79d25322f31f8b98a908270468fa84af7ebd72c1e45b436b9fe2",
    "https://deno.land/x/web_bson@v0.2.5/src/decimal128.ts": "f0377c29b255ec423d4b491675dfb83410d5e92a9fcca9bcd63bfd757489b05d",
    "https://deno.land/x/web_bson@v0.2.5/src/double.ts": "9df7baf7cdb2d8ef50a141a373c755cabebeb5a5da6c2f551e5377064ccf2aa9",
    "https://deno.land/x/web_bson@v0.2.5/src/error.ts": "d7aa0d57de5c6dc137402fc97219b6e136fc2dcddef90f031bdeb52181cc5275",
    "https://deno.land/x/web_bson@v0.2.5/src/extended_json.ts": "98f57fba581712e49060ed5d495c3d1b8be557dc61b11588ba79882faad4b289",
    "https://deno.land/x/web_bson@v0.2.5/src/float_parser.ts": "bffe91eae89d9d177a88d795981681ecf05850facfb92da93901576a268235cd",
    "https://deno.land/x/web_bson@v0.2.5/src/int_32.ts": "8ac60fd82c34b62645f60b2eb45238391a3e0994980dced75b31f97058cbb3b4",
    "https://deno.land/x/web_bson@v0.2.5/src/long.ts": "efffd2eb49afd7161452f8f3533d46aad78c9af6b07f6474c8c937a1b53c5d19",
    "https://deno.land/x/web_bson@v0.2.5/src/max_key.ts": "8016a701657be73fd4d3b80c746084ba18322bb39bdc4e78e35f0e2f21be2a70",
    "https://deno.land/x/web_bson@v0.2.5/src/min_key.ts": "19691f520868996bd2fc96bf26037badf6d32f8702c035e0d8531b549ef9854c",
    "https://deno.land/x/web_bson@v0.2.5/src/objectid.ts": "afc51f3bf9d566fa474c96a8ec0362951ff962a4b8c7ecde51e4537fe95be089",
    "https://deno.land/x/web_bson@v0.2.5/src/parser/calculate_size.ts": "ca1e81c793860c9200a3c6cfec220539524f81acca0d76738426bbf8ef857950",
    "https://deno.land/x/web_bson@v0.2.5/src/parser/deserializer.ts": "40d154d44f80250dfef0121c1c1a997220a38d08c0fc369247f573ef83649802",
    "https://deno.land/x/web_bson@v0.2.5/src/parser/serializer.ts": "fdea917596143694eda0059b0f72fdbe72ade0591c6ba4b4e8f82958ab35c37d",
    "https://deno.land/x/web_bson@v0.2.5/src/parser/utils.ts": "7bfe19aaf71164d8326f82c1e01dabe6140c18939f4bd8961380495a7c76f57f",
    "https://deno.land/x/web_bson@v0.2.5/src/regexp.ts": "1e287a7ada20a0a4b625bf3c191295db149bfefac6beb707fe52d0232c612265",
    "https://deno.land/x/web_bson@v0.2.5/src/symbol.ts": "b727698ed367d426b32f068c067ccd43a458347589715dd329b82caf10b9cf32",
    "https://deno.land/x/web_bson@v0.2.5/src/timestamp.ts": "49bba69e2a26cfea5870b69c739cbfce64814b21682ed3161105737f3d97ef66",
    "https://deno.land/x/web_bson@v0.2.5/src/uuid.ts": "c8c51a946dc8c1d6a15370d50de2247f4fbf69ce1c413ae29c8e211738ec0efc",
    "https://deno.land/x/web_bson@v0.2.5/src/uuid_utils.ts": "322cbea409a32cfdbffcae854b91bb30b80730741e032b98f5d6868ad63bc07d",
    "https://deno.land/x/web_bson@v0.2.5/src/validate_utf8.ts": "b7f4d723c379fb66aa84e148bb59f78f4e1c96847e28c38ee7f9f3bf35703ae4",
    "https://deno.land/x/web_bson@v0.2.5/utils.ts": "4c51c0be4bbb77c1e547eeef9b5aa53ffa611f628684875375103f627649ceb1",
    "https://raw.githubusercontent.com/drashland/services/v0.2.5/ci/bumper_service.ts": "c00231af6405ee570b63637e52aba9dda2ba34778295e224ed5d848c8daef428",
    "https://raw.githubusercontent.com/drashland/services/v0.2.5/ci/deps.ts": "e31c150ab261ee8ec65630667d09457bad33d5f46c7570761154b9ab4169caad"
  }
}
